// !$*UTF8*$!
{
	archiveVersion = 1;
	classes = {
	};
	objectVersion = 46;
	objects = {

/* Begin PBXBuildFile section */
		D049B6431D1AC9E600BF51AA /* AppDelegate.swift in Sources */ = {isa = PBXBuildFile; fileRef = D049B6421D1AC9E600BF51AA /* AppDelegate.swift */; };
		D049B6451D1AC9E600BF51AA /* ViewController.swift in Sources */ = {isa = PBXBuildFile; fileRef = D049B6441D1AC9E600BF51AA /* ViewController.swift */; };
		D049B6481D1AC9E600BF51AA /* Main.storyboard in Resources */ = {isa = PBXBuildFile; fileRef = D049B6461D1AC9E600BF51AA /* Main.storyboard */; };
		D049B64A1D1AC9E600BF51AA /* Assets.xcassets in Resources */ = {isa = PBXBuildFile; fileRef = D049B6491D1AC9E600BF51AA /* Assets.xcassets */; };
		D049B64D1D1AC9E600BF51AA /* LaunchScreen.storyboard in Resources */ = {isa = PBXBuildFile; fileRef = D049B64B1D1AC9E600BF51AA /* LaunchScreen.storyboard */; };
		D049B6561D1ACC8300BF51AA /* APIManager.swift in Sources */ = {isa = PBXBuildFile; fileRef = D049B6551D1ACC8300BF51AA /* APIManager.swift */; };
		D049B6581D1ACCA200BF51AA /* Queue.swift in Sources */ = {isa = PBXBuildFile; fileRef = D049B6571D1ACCA200BF51AA /* Queue.swift */; };
/* End PBXBuildFile section */

/* Begin PBXFileReference section */
		D049B63F1D1AC9E600BF51AA /* SerialHttpRequest.app */ = {isa = PBXFileReference; explicitFileType = wrapper.application; includeInIndex = 0; path = SerialHttpRequest.app; sourceTree = BUILT_PRODUCTS_DIR; };
		D049B6421D1AC9E600BF51AA /* AppDelegate.swift */ = {isa = PBXFileReference; lastKnownFileType = sourcecode.swift; path = AppDelegate.swift; sourceTree = "<group>"; };
		D049B6441D1AC9E600BF51AA /* ViewController.swift */ = {isa = PBXFileReference; lastKnownFileType = sourcecode.swift; path = ViewController.swift; sourceTree = "<group>"; };
		D049B6471D1AC9E600BF51AA /* Base */ = {isa = PBXFileReference; lastKnownFileType = file.storyboard; name = Base; path = Base.lproj/Main.storyboard; sourceTree = "<group>"; };
		D049B6491D1AC9E600BF51AA /* Assets.xcassets */ = {isa = PBXFileReference; lastKnownFileType = folder.assetcatalog; path = Assets.xcassets; sourceTree = "<group>"; };
		D049B64C1D1AC9E600BF51AA /* Base */ = {isa = PBXFileReference; lastKnownFileType = file.storyboard; name = Base; path = Base.lproj/LaunchScreen.storyboard; sourceTree = "<group>"; };
		D049B64E1D1AC9E600BF51AA /* Info.plist */ = {isa = PBXFileReference; lastKnownFileType = text.plist.xml; path = Info.plist; sourceTree = "<group>"; };
		D049B6551D1ACC8300BF51AA /* APIManager.swift */ = {isa = PBXFileReference; fileEncoding = 4; lastKnownFileType = sourcecode.swift; path = APIManager.swift; sourceTree = "<group>"; };
		D049B6571D1ACCA200BF51AA /* Queue.swift */ = {isa = PBXFileReference; fileEncoding = 4; lastKnownFileType = sourcecode.swift; path = Queue.swift; sourceTree = "<group>"; };
/* End PBXFileReference section */

/* Begin PBXFrameworksBuildPhase section */
		D049B63C1D1AC9E600BF51AA /* Frameworks */ = {
			isa = PBXFrameworksBuildPhase;
			buildActionMask = 2147483647;
			files = (
			);
			runOnlyForDeploymentPostprocessing = 0;
		};
/* End PBXFrameworksBuildPhase section */

/* Begin PBXGroup section */
		D049B6361D1AC9E600BF51AA = {
			isa = PBXGroup;
			children = (
				D049B6541D1ACC5B00BF51AA /* APIManager */,
				D049B6411D1AC9E600BF51AA /* SerialHttpRequest */,
				D049B6401D1AC9E600BF51AA /* Products */,
			);
			sourceTree = "<group>";
		};
		D049B6401D1AC9E600BF51AA /* Products */ = {
			isa = PBXGroup;
			children = (
				D049B63F1D1AC9E600BF51AA /* SerialHttpRequest.app */,
			);
			name = Products;
			sourceTree = "<group>";
		};
		D049B6411D1AC9E600BF51AA /* SerialHttpRequest */ = {
			isa = PBXGroup;
			children = (
				D049B6421D1AC9E600BF51AA /* AppDelegate.swift */,
				D049B6441D1AC9E600BF51AA /* ViewController.swift */,
				D049B6461D1AC9E600BF51AA /* Main.storyboard */,
				D049B6491D1AC9E600BF51AA /* Assets.xcassets */,
				D049B64B1D1AC9E600BF51AA /* LaunchScreen.storyboard */,
				D049B64E1D1AC9E600BF51AA /* Info.plist */,
			);
			path = SerialHttpRequest;
			sourceTree = "<group>";
		};
		D049B6541D1ACC5B00BF51AA /* APIManager */ = {
			isa = PBXGroup;
			children = (
				D049B6551D1ACC8300BF51AA /* APIManager.swift */,
				D049B6571D1ACCA200BF51AA /* Queue.swift */,
			);
			path = APIManager;
			sourceTree = "<group>";
		};
/* End PBXGroup section */

/* Begin PBXNativeTarget section */
		D049B63E1D1AC9E600BF51AA /* SerialHttpRequest */ = {
			isa = PBXNativeTarget;
			buildConfigurationList = D049B6511D1AC9E600BF51AA /* Build configuration list for PBXNativeTarget "SerialHttpRequest" */;
			buildPhases = (
				D049B63B1D1AC9E600BF51AA /* Sources */,
				D049B63C1D1AC9E600BF51AA /* Frameworks */,
				D049B63D1D1AC9E600BF51AA /* Resources */,
			);
			buildRules = (
			);
			dependencies = (
			);
			name = SerialHttpRequest;
			productName = SerialHttpRequest;
			productReference = D049B63F1D1AC9E600BF51AA /* SerialHttpRequest.app */;
			productType = "com.apple.product-type.application";
		};
/* End PBXNativeTarget section */

/* Begin PBXProject section */
		D049B6371D1AC9E600BF51AA /* Project object */ = {
			isa = PBXProject;
			attributes = {
				LastSwiftUpdateCheck = 0730;
				LastUpgradeCheck = 0730;
				ORGANIZATIONNAME = kotlinchina;
				TargetAttributes = {
					D049B63E1D1AC9E600BF51AA = {
						CreatedOnToolsVersion = 7.3;
					};
				};
			};
			buildConfigurationList = D049B63A1D1AC9E600BF51AA /* Build configuration list for PBXProject "SerialHttpRequest" */;
			compatibilityVersion = "Xcode 3.2";
			developmentRegion = English;
			hasScannedForEncodings = 0;
			knownRegions = (
				en,
				Base,
			);
			mainGroup = D049B6361D1AC9E600BF51AA;
			productRefGroup = D049B6401D1AC9E600BF51AA /* Products */;
			projectDirPath = "";
			projectRoot = "";
			targets = (
				D049B63E1D1AC9E600BF51AA /* SerialHttpRequest */,
			);
		};
/* End PBXProject section */

/* Begin PBXResourcesBuildPhase section */
		D049B63D1D1AC9E600BF51AA /* Resources */ = {
			isa = PBXResourcesBuildPhase;
			buildActionMask = 2147483647;
			files = (
				D049B64D1D1AC9E600BF51AA /* LaunchScreen.storyboard in Resources */,
				D049B64A1D1AC9E600BF51AA /* Assets.xcassets in Resources */,
				D049B6481D1AC9E600BF51AA /* Main.storyboard in Resources */,
			);
			runOnlyForDeploymentPostprocessing = 0;
		};
/* End PBXResourcesBuildPhase section */

/* Begin PBXSourcesBuildPhase section */
		D049B63B1D1AC9E600BF51AA /* Sources */ = {
			isa = PBXSourcesBuildPhase;
			buildActionMask = 2147483647;
			files = (
				D049B6561D1ACC8300BF51AA /* APIManager.swift in Sources */,
				D049B6451D1AC9E600BF51AA /* ViewController.swift in Sources */,
				D049B6431D1AC9E600BF51AA /* AppDelegate.swift in Sources */,
				D049B6581D1ACCA200BF51AA /* Queue.swift in Sources */,
			);
			runOnlyForDeploymentPostprocessing = 0;
		};
/* End PBXSourcesBuildPhase section */

/* Begin PBXVariantGroup section */
		D049B6461D1AC9E600BF51AA /* Main.storyboard */ = {
			isa = PBXVariantGroup;
			children = (
				D049B6471D1AC9E600BF51AA /* Base */,
			);
			name = Main.storyboard;
			sourceTree = "<group>";
		};
		D049B64B1D1AC9E600BF51AA /* LaunchScreen.storyboard */ = {
			isa = PBXVariantGroup;
			children = (
				D049B64C1D1AC9E600BF51AA /* Base */,
			);
			name = LaunchScreen.storyboard;
			sourceTree = "<group>";
		};
/* End PBXVariantGroup section */

/* Begin XCBuildConfiguration section */
		D049B64F1D1AC9E600BF51AA /* Debug */ = {
			isa = XCBuildConfiguration;
			buildSettings = {
				ALWAYS_SEARCH_USER_PATHS = NO;
				CLANG_ANALYZER_NONNULL = YES;
				CLANG_CXX_LANGUAGE_STANDARD = "gnu++0x";
				CLANG_CXX_LIBRARY = "libc++";
				CLANG_ENABLE_MODULES = YES;
				CLANG_ENABLE_OBJC_ARC = YES;
				CLANG_WARN_BOOL_CONVERSION = YES;
				CLANG_WARN_CONSTANT_CONVERSION = YES;
				CLANG_WARN_DIRECT_OBJC_ISA_USAGE = YES_ERROR;
				CLANG_WARN_EMPTY_BODY = YES;
				CLANG_WARN_ENUM_CONVERSION = YES;
				CLANG_WARN_INT_CONVERSION = YES;
				CLANG_WARN_OBJC_ROOT_CLASS = YES_ERROR;
				CLANG_WARN_UNREACHABLE_CODE = YES;
				CLANG_WARN__DUPLICATE_METHOD_MATCH = YES;
				"CODE_SIGN_IDENTITY[sdk=iphoneos*]" = "iPhone Developer";
				COPY_PHASE_STRIP = NO;
				DEBUG_INFORMATION_FORMAT = dwarf;
				ENABLE_STRICT_OBJC_MSGSEND = YES;
				ENABLE_TESTABILITY = YES;
				GCC_C_LANGUAGE_STANDARD = gnu99;
				GCC_DYNAMIC_NO_PIC = NO;
				GCC_NO_COMMON_BLOCKS = YES;
				GCC_OPTIMIZATION_LEVEL = 0;
				GCC_PREPROCESSOR_DEFINITIONS = (
					"DEBUG=1",
					"$(inherited)",
				);
				GCC_WARN_64_TO_32_BIT_CONVERSION = YES;
				GCC_WARN_ABOUT_RETURN_TYPE = YES_ERROR;
				GCC_WARN_UNDECLARED_SELECTOR = YES;
				GCC_WARN_UNINITIALIZED_AUTOS = YES_AGGRESSIVE;
				GCC_WARN_UNUSED_FUNCTION = YES;
				GCC_WARN_UNUSED_VARIABLE = YES;
				IPHONEOS_DEPLOYMENT_TARGET = 9.3;
				MTL_ENABLE_DEBUG_INFO = YES;
				ONLY_ACTIVE_ARCH = YES;
				SDKROOT = iphoneos;
				SWIFT_OPTIMIZATION_LEVEL = "-Onone";
			};
			name = Debug;
		};
		D049B6501D1AC9E600BF51AA /* Release */ = {
			isa = XCBuildConfiguration;
			buildSettings = {
				ALWAYS_SEARCH_USER_PATHS = NO;
				CLANG_ANALYZER_NONNULL = YES;
				CLANG_CXX_LANGUAGE_STANDARD = "gnu++0x";
				CLANG_CXX_LIBRARY = "libc++";
				CLANG_ENABLE_MODULES = YES;
				CLANG_ENABLE_OBJC_ARC = YES;
				CLANG_WARN_BOOL_CONVERSION = YES;
				CLANG_WARN_CONSTANT_CONVERSION = YES;
				CLANG_WARN_DIRECT_OBJC_ISA_USAGE = YES_ERROR;
				CLANG_WARN_EMPTY_BODY = YES;
				CLANG_WARN_ENUM_CONVERSION = YES;
				CLANG_WARN_INT_CONVERSION = YES;
				CLANG_WARN_OBJC_ROOT_CLASS = YES_ERROR;
				CLANG_WARN_UNREACHABLE_CODE = YES;
				CLANG_WARN__DUPLICATE_METHOD_MATCH = YES;
				"CODE_SIGN_IDENTITY[sdk=iphoneos*]" = "iPhone Developer";
				COPY_PHASE_STRIP = NO;
				DEBUG_INFORMATION_FORMAT = "dwarf-with-dsym";
				ENABLE_NS_ASSERTIONS = NO;
				ENABLE_STRICT_OBJC_MSGSEND = YES;
				GCC_C_LANGUAGE_STANDARD = gnu99;
				GCC_NO_COMMON_BLOCKS = YES;
				GCC_WARN_64_TO_32_BIT_CONVERSION = YES;
				GCC_WARN_ABOUT_RETURN_TYPE = YES_ERROR;
				GCC_WARN_UNDECLARED_SELECTOR = YES;
				GCC_WARN_UNINITIALIZED_AUTOS = YES_AGGRESSIVE;
				GCC_WARN_UNUSED_FUNCTION = YES;
				GCC_WARN_UNUSED_VARIABLE = YES;
				IPHONEOS_DEPLOYMENT_TARGET = 9.3;
				MTL_ENABLE_DEBUG_INFO = NO;
				SDKROOT = iphoneos;
				VALIDATE_PRODUCT = YES;
			};
			name = Release;
		};
		D049B6521D1AC9E600BF51AA /* Debug */ = {
			isa = XCBuildConfiguration;
			buildSettings = {
				ASSETCATALOG_COMPILER_APPICON_NAME = AppIcon;
				INFOPLIST_FILE = SerialHttpRequest/Info.plist;
				LD_RUNPATH_SEARCH_PATHS = "$(inherited) @executable_path/Frameworks";
				PRODUCT_BUNDLE_IDENTIFIER = com.kotlinchina.SerialHttpRequest;
				PRODUCT_NAME = "$(TARGET_NAME)";
			};
			name = Debug;
		};
		D049B6531D1AC9E600BF51AA /* Release */ = {
			isa = XCBuildConfiguration;
			buildSettings = {
				ASSETCATALOG_COMPILER_APPICON_NAME = AppIcon;
				INFOPLIST_FILE = SerialHttpRequest/Info.plist;
				LD_RUNPATH_SEARCH_PATHS = "$(inherited) @executable_path/Frameworks";
				PRODUCT_BUNDLE_IDENTIFIER = com.kotlinchina.SerialHttpRequest;
				PRODUCT_NAME = "$(TARGET_NAME)";
			};
			name = Release;
		};
/* End XCBuildConfiguration section */

/* Begin XCConfigurationList section */
		D049B63A1D1AC9E600BF51AA /* Build configuration list for PBXProject "SerialHttpRequest" */ = {
			isa = XCConfigurationList;
			buildConfigurations = (
				D049B64F1D1AC9E600BF51AA /* Debug */,
				D049B6501D1AC9E600BF51AA /* Release */,
			);
			defaultConfigurationIsVisible = 0;
			defaultConfigurationName = Release;
		};
		D049B6511D1AC9E600BF51AA /* Build configuration list for PBXNativeTarget "SerialHttpRequest" */ = {
			isa = XCConfigurationList;
			buildConfigurations = (
				D049B6521D1AC9E600BF51AA /* Debug */,
				D049B6531D1AC9E600BF51AA /* Release */,
			);
			defaultConfigurationIsVisible = 0;
		};
/* End XCConfigurationList section */
	};
	rootObject = D049B6371D1AC9E600BF51AA /* Project object */;
}
